// !$*UTF8*$!
{
	archiveVersion = 1;
	classes = {
	};
	objectVersion = 50;
	objects = {

/* Begin PBXBuildFile section */
		590171472316BE84009D45F7 /* AppDelegate.swift in Sources */ = {isa = PBXBuildFile; fileRef = 590171462316BE84009D45F7 /* AppDelegate.swift */; };
		590171492316BE84009D45F7 /* HomeViewController.swift in Sources */ = {isa = PBXBuildFile; fileRef = 590171482316BE84009D45F7 /* HomeViewController.swift */; };
		5901714C2316BE84009D45F7 /* Main.storyboard in Resources */ = {isa = PBXBuildFile; fileRef = 5901714A2316BE84009D45F7 /* Main.storyboard */; };
		5901714F2316BE84009D45F7 /* mvvm_template.xcdatamodeld in Sources */ = {isa = PBXBuildFile; fileRef = 5901714D2316BE84009D45F7 /* mvvm_template.xcdatamodeld */; };
		590171512316BE86009D45F7 /* Assets.xcassets in Resources */ = {isa = PBXBuildFile; fileRef = 590171502316BE86009D45F7 /* Assets.xcassets */; };
		590171542316BE86009D45F7 /* LaunchScreen.storyboard in Resources */ = {isa = PBXBuildFile; fileRef = 590171522316BE86009D45F7 /* LaunchScreen.storyboard */; };
		5901715F2316BE86009D45F7 /* mvvm_templateTests.swift in Sources */ = {isa = PBXBuildFile; fileRef = 5901715E2316BE86009D45F7 /* mvvm_templateTests.swift */; };
		5901716A2316BE86009D45F7 /* mvvm_templateUITests.swift in Sources */ = {isa = PBXBuildFile; fileRef = 590171692316BE86009D45F7 /* mvvm_templateUITests.swift */; };
		5901717D2316E608009D45F7 /* HomeViewModel.swift in Sources */ = {isa = PBXBuildFile; fileRef = 5901717C2316E608009D45F7 /* HomeViewModel.swift */; };
		596200292320489E000E53E5 /* Date+Extension.swift in Sources */ = {isa = PBXBuildFile; fileRef = 596200282320489E000E53E5 /* Date+Extension.swift */; };
		5962002B23204DAA000E53E5 /* Constants.swift in Sources */ = {isa = PBXBuildFile; fileRef = 5962002A23204DAA000E53E5 /* Constants.swift */; };
		59620032232C5106000E53E5 /* StoryboardInstantiatable.swift in Sources */ = {isa = PBXBuildFile; fileRef = 59620031232C5106000E53E5 /* StoryboardInstantiatable.swift */; };
		59620034232C580B000E53E5 /* HomeViewControllerFactory.swift in Sources */ = {isa = PBXBuildFile; fileRef = 59620033232C580B000E53E5 /* HomeViewControllerFactory.swift */; };
		59EA24132317134D00E46F12 /* DayDao.swift in Sources */ = {isa = PBXBuildFile; fileRef = 59EA24122317134D00E46F12 /* DayDao.swift */; };
		59F4370123171A4B008EEE9E /* DayDaoProtocol.swift in Sources */ = {isa = PBXBuildFile; fileRef = 59F4370023171A4B008EEE9E /* DayDaoProtocol.swift */; };
		59F43703231720CE008EEE9E /* DayRepository.swift in Sources */ = {isa = PBXBuildFile; fileRef = 59F43702231720CE008EEE9E /* DayRepository.swift */; };
		59F43711231885EB008EEE9E /* DayDaoMock.swift in Sources */ = {isa = PBXBuildFile; fileRef = 59F43710231885EB008EEE9E /* DayDaoMock.swift */; };
		59F43713231886EA008EEE9E /* DependencyContainer.swift in Sources */ = {isa = PBXBuildFile; fileRef = 59F43712231886EA008EEE9E /* DependencyContainer.swift */; };
/* End PBXBuildFile section */

/* Begin PBXContainerItemProxy section */
		5901715B2316BE86009D45F7 /* PBXContainerItemProxy */ = {
			isa = PBXContainerItemProxy;
			containerPortal = 5901713B2316BE84009D45F7 /* Project object */;
			proxyType = 1;
			remoteGlobalIDString = 590171422316BE84009D45F7;
			remoteInfo = mvvm_template;
		};
		590171662316BE86009D45F7 /* PBXContainerItemProxy */ = {
			isa = PBXContainerItemProxy;
			containerPortal = 5901713B2316BE84009D45F7 /* Project object */;
			proxyType = 1;
			remoteGlobalIDString = 590171422316BE84009D45F7;
			remoteInfo = mvvm_template;
		};
/* End PBXContainerItemProxy section */

/* Begin PBXFileReference section */
		590171432316BE84009D45F7 /* mvvm_template.app */ = {isa = PBXFileReference; explicitFileType = wrapper.application; includeInIndex = 0; path = mvvm_template.app; sourceTree = BUILT_PRODUCTS_DIR; };
		590171462316BE84009D45F7 /* AppDelegate.swift */ = {isa = PBXFileReference; lastKnownFileType = sourcecode.swift; path = AppDelegate.swift; sourceTree = "<group>"; };
		590171482316BE84009D45F7 /* HomeViewController.swift */ = {isa = PBXFileReference; lastKnownFileType = sourcecode.swift; path = HomeViewController.swift; sourceTree = "<group>"; };
		5901714B2316BE84009D45F7 /* Base */ = {isa = PBXFileReference; lastKnownFileType = file.storyboard; name = Base; path = Base.lproj/Main.storyboard; sourceTree = "<group>"; };
		5901714E2316BE84009D45F7 /* mvvm_template.xcdatamodel */ = {isa = PBXFileReference; lastKnownFileType = wrapper.xcdatamodel; path = mvvm_template.xcdatamodel; sourceTree = "<group>"; };
		590171502316BE86009D45F7 /* Assets.xcassets */ = {isa = PBXFileReference; lastKnownFileType = folder.assetcatalog; path = Assets.xcassets; sourceTree = "<group>"; };
		590171532316BE86009D45F7 /* Base */ = {isa = PBXFileReference; lastKnownFileType = file.storyboard; name = Base; path = Base.lproj/LaunchScreen.storyboard; sourceTree = "<group>"; };
		590171552316BE86009D45F7 /* Info.plist */ = {isa = PBXFileReference; lastKnownFileType = text.plist.xml; path = Info.plist; sourceTree = "<group>"; };
		5901715A2316BE86009D45F7 /* mvvm_templateTests.xctest */ = {isa = PBXFileReference; explicitFileType = wrapper.cfbundle; includeInIndex = 0; path = mvvm_templateTests.xctest; sourceTree = BUILT_PRODUCTS_DIR; };
		5901715E2316BE86009D45F7 /* mvvm_templateTests.swift */ = {isa = PBXFileReference; lastKnownFileType = sourcecode.swift; path = mvvm_templateTests.swift; sourceTree = "<group>"; };
		590171602316BE86009D45F7 /* Info.plist */ = {isa = PBXFileReference; lastKnownFileType = text.plist.xml; path = Info.plist; sourceTree = "<group>"; };
		590171652316BE86009D45F7 /* mvvm_templateUITests.xctest */ = {isa = PBXFileReference; explicitFileType = wrapper.cfbundle; includeInIndex = 0; path = mvvm_templateUITests.xctest; sourceTree = BUILT_PRODUCTS_DIR; };
		590171692316BE86009D45F7 /* mvvm_templateUITests.swift */ = {isa = PBXFileReference; lastKnownFileType = sourcecode.swift; path = mvvm_templateUITests.swift; sourceTree = "<group>"; };
		5901716B2316BE86009D45F7 /* Info.plist */ = {isa = PBXFileReference; lastKnownFileType = text.plist.xml; path = Info.plist; sourceTree = "<group>"; };
		5901717C2316E608009D45F7 /* HomeViewModel.swift */ = {isa = PBXFileReference; lastKnownFileType = sourcecode.swift; path = HomeViewModel.swift; sourceTree = "<group>"; };
		596200282320489E000E53E5 /* Date+Extension.swift */ = {isa = PBXFileReference; lastKnownFileType = sourcecode.swift; path = "Date+Extension.swift"; sourceTree = "<group>"; };
		5962002A23204DAA000E53E5 /* Constants.swift */ = {isa = PBXFileReference; lastKnownFileType = sourcecode.swift; path = Constants.swift; sourceTree = "<group>"; };
		59620031232C5106000E53E5 /* StoryboardInstantiatable.swift */ = {isa = PBXFileReference; lastKnownFileType = sourcecode.swift; path = StoryboardInstantiatable.swift; sourceTree = "<group>"; };
		59620033232C580B000E53E5 /* HomeViewControllerFactory.swift */ = {isa = PBXFileReference; lastKnownFileType = sourcecode.swift; path = HomeViewControllerFactory.swift; sourceTree = "<group>"; };
		59EA24122317134D00E46F12 /* DayDao.swift */ = {isa = PBXFileReference; lastKnownFileType = sourcecode.swift; path = DayDao.swift; sourceTree = "<group>"; };
		59F4370023171A4B008EEE9E /* DayDaoProtocol.swift */ = {isa = PBXFileReference; lastKnownFileType = sourcecode.swift; path = DayDaoProtocol.swift; sourceTree = "<group>"; };
		59F43702231720CE008EEE9E /* DayRepository.swift */ = {isa = PBXFileReference; lastKnownFileType = sourcecode.swift; path = DayRepository.swift; sourceTree = "<group>"; };
		59F43710231885EB008EEE9E /* DayDaoMock.swift */ = {isa = PBXFileReference; lastKnownFileType = sourcecode.swift; path = DayDaoMock.swift; sourceTree = "<group>"; };
		59F43712231886EA008EEE9E /* DependencyContainer.swift */ = {isa = PBXFileReference; lastKnownFileType = sourcecode.swift; path = DependencyContainer.swift; sourceTree = "<group>"; };
/* End PBXFileReference section */

/* Begin PBXFrameworksBuildPhase section */
		590171402316BE84009D45F7 /* Frameworks */ = {
			isa = PBXFrameworksBuildPhase;
			buildActionMask = 2147483647;
			files = (
			);
			runOnlyForDeploymentPostprocessing = 0;
		};
		590171572316BE86009D45F7 /* Frameworks */ = {
			isa = PBXFrameworksBuildPhase;
			buildActionMask = 2147483647;
			files = (
			);
			runOnlyForDeploymentPostprocessing = 0;
		};
		590171622316BE86009D45F7 /* Frameworks */ = {
			isa = PBXFrameworksBuildPhase;
			buildActionMask = 2147483647;
			files = (
			);
			runOnlyForDeploymentPostprocessing = 0;
		};
/* End PBXFrameworksBuildPhase section */

/* Begin PBXGroup section */
		5901713A2316BE84009D45F7 = {
			isa = PBXGroup;
			children = (
				590171452316BE84009D45F7 /* mvvm_template */,
				5901715D2316BE86009D45F7 /* mvvm_templateTests */,
				590171682316BE86009D45F7 /* mvvm_templateUITests */,
				590171442316BE84009D45F7 /* Products */,
			);
			sourceTree = "<group>";
		};
		590171442316BE84009D45F7 /* Products */ = {
			isa = PBXGroup;
			children = (
				590171432316BE84009D45F7 /* mvvm_template.app */,
				5901715A2316BE86009D45F7 /* mvvm_templateTests.xctest */,
				590171652316BE86009D45F7 /* mvvm_templateUITests.xctest */,
			);
			name = Products;
			sourceTree = "<group>";
		};
		590171452316BE84009D45F7 /* mvvm_template */ = {
			isa = PBXGroup;
			children = (
				590171462316BE84009D45F7 /* AppDelegate.swift */,
				59D443122335708E0034B45F /* Commom */,
				5901717B2316BF45009D45F7 /* Resources */,
				590171782316BEFA009D45F7 /* Models */,
				590171792316BF23009D45F7 /* Views */,
				590171772316BEF5009D45F7 /* Controllers */,
				5901717A2316BF29009D45F7 /* ViewModels */,
				59D44314233571190034B45F /* Factory */,
				59EA24112317133F00E46F12 /* Dao */,
			);
			path = mvvm_template;
			sourceTree = "<group>";
		};
		5901715D2316BE86009D45F7 /* mvvm_templateTests */ = {
			isa = PBXGroup;
			children = (
				5901715E2316BE86009D45F7 /* mvvm_templateTests.swift */,
				590171602316BE86009D45F7 /* Info.plist */,
			);
			path = mvvm_templateTests;
			sourceTree = "<group>";
		};
		590171682316BE86009D45F7 /* mvvm_templateUITests */ = {
			isa = PBXGroup;
			children = (
				590171692316BE86009D45F7 /* mvvm_templateUITests.swift */,
				5901716B2316BE86009D45F7 /* Info.plist */,
			);
			path = mvvm_templateUITests;
			sourceTree = "<group>";
		};
		590171772316BEF5009D45F7 /* Controllers */ = {
			isa = PBXGroup;
			children = (
				590171482316BE84009D45F7 /* HomeViewController.swift */,
			);
			path = Controllers;
			sourceTree = "<group>";
		};
		590171782316BEFA009D45F7 /* Models */ = {
			isa = PBXGroup;
			children = (
				59F43702231720CE008EEE9E /* DayRepository.swift */,
			);
			path = Models;
			sourceTree = "<group>";
		};
		590171792316BF23009D45F7 /* Views */ = {
			isa = PBXGroup;
			children = (
				5901714A2316BE84009D45F7 /* Main.storyboard */,
				590171522316BE86009D45F7 /* LaunchScreen.storyboard */,
			);
			path = Views;
			sourceTree = "<group>";
		};
		5901717A2316BF29009D45F7 /* ViewModels */ = {
			isa = PBXGroup;
			children = (
				5901717C2316E608009D45F7 /* HomeViewModel.swift */,
			);
			path = ViewModels;
			sourceTree = "<group>";
		};
		5901717B2316BF45009D45F7 /* Resources */ = {
			isa = PBXGroup;
			children = (
				590171552316BE86009D45F7 /* Info.plist */,
				590171502316BE86009D45F7 /* Assets.xcassets */,
				596200272320488E000E53E5 /* Extensions */,
			);
			path = Resources;
			sourceTree = "<group>";
		};
		596200272320488E000E53E5 /* Extensions */ = {
			isa = PBXGroup;
			children = (
				596200282320489E000E53E5 /* Date+Extension.swift */,
			);
			path = Extensions;
			sourceTree = "<group>";
		};
		59D443122335708E0034B45F /* Commom */ = {
			isa = PBXGroup;
			children = (
				59F43712231886EA008EEE9E /* DependencyContainer.swift */,
				59620031232C5106000E53E5 /* StoryboardInstantiatable.swift */,
				5962002A23204DAA000E53E5 /* Constants.swift */,
			);
			path = Commom;
			sourceTree = "<group>";
		};
		59D44314233571190034B45F /* Factory */ = {
			isa = PBXGroup;
			children = (
				59620033232C580B000E53E5 /* HomeViewControllerFactory.swift */,
			);
			path = Factory;
			sourceTree = "<group>";
		};
		59EA24112317133F00E46F12 /* Dao */ = {
			isa = PBXGroup;
			children = (
				5901714D2316BE84009D45F7 /* mvvm_template.xcdatamodeld */,
				59EA24122317134D00E46F12 /* DayDao.swift */,
				59F43710231885EB008EEE9E /* DayDaoMock.swift */,
				59F4370023171A4B008EEE9E /* DayDaoProtocol.swift */,
			);
			path = Dao;
			sourceTree = "<group>";
		};
/* End PBXGroup section */

/* Begin PBXNativeTarget section */
		590171422316BE84009D45F7 /* mvvm_template */ = {
			isa = PBXNativeTarget;
			buildConfigurationList = 5901716E2316BE86009D45F7 /* Build configuration list for PBXNativeTarget "mvvm_template" */;
			buildPhases = (
				5901713F2316BE84009D45F7 /* Sources */,
				590171402316BE84009D45F7 /* Frameworks */,
				590171412316BE84009D45F7 /* Resources */,
			);
			buildRules = (
			);
			dependencies = (
			);
			name = mvvm_template;
			productName = mvvm_template;
			productReference = 590171432316BE84009D45F7 /* mvvm_template.app */;
			productType = "com.apple.product-type.application";
		};
		590171592316BE86009D45F7 /* mvvm_templateTests */ = {
			isa = PBXNativeTarget;
			buildConfigurationList = 590171712316BE86009D45F7 /* Build configuration list for PBXNativeTarget "mvvm_templateTests" */;
			buildPhases = (
				590171562316BE86009D45F7 /* Sources */,
				590171572316BE86009D45F7 /* Frameworks */,
				590171582316BE86009D45F7 /* Resources */,
			);
			buildRules = (
			);
			dependencies = (
				5901715C2316BE86009D45F7 /* PBXTargetDependency */,
			);
			name = mvvm_templateTests;
			productName = mvvm_templateTests;
			productReference = 5901715A2316BE86009D45F7 /* mvvm_templateTests.xctest */;
			productType = "com.apple.product-type.bundle.unit-test";
		};
		590171642316BE86009D45F7 /* mvvm_templateUITests */ = {
			isa = PBXNativeTarget;
			buildConfigurationList = 590171742316BE86009D45F7 /* Build configuration list for PBXNativeTarget "mvvm_templateUITests" */;
			buildPhases = (
				590171612316BE86009D45F7 /* Sources */,
				590171622316BE86009D45F7 /* Frameworks */,
				590171632316BE86009D45F7 /* Resources */,
			);
			buildRules = (
			);
			dependencies = (
				590171672316BE86009D45F7 /* PBXTargetDependency */,
			);
			name = mvvm_templateUITests;
			productName = mvvm_templateUITests;
			productReference = 590171652316BE86009D45F7 /* mvvm_templateUITests.xctest */;
			productType = "com.apple.product-type.bundle.ui-testing";
		};
/* End PBXNativeTarget section */

/* Begin PBXProject section */
		5901713B2316BE84009D45F7 /* Project object */ = {
			isa = PBXProject;
			attributes = {
				LastSwiftUpdateCheck = 1020;
				LastUpgradeCheck = 1020;
				ORGANIZATIONNAME = "Lucas Valle";
				TargetAttributes = {
					590171422316BE84009D45F7 = {
						CreatedOnToolsVersion = 10.2.1;
					};
					590171592316BE86009D45F7 = {
						CreatedOnToolsVersion = 10.2.1;
						TestTargetID = 590171422316BE84009D45F7;
					};
					590171642316BE86009D45F7 = {
						CreatedOnToolsVersion = 10.2.1;
						TestTargetID = 590171422316BE84009D45F7;
					};
				};
			};
			buildConfigurationList = 5901713E2316BE84009D45F7 /* Build configuration list for PBXProject "mvvm_template" */;
			compatibilityVersion = "Xcode 9.3";
			developmentRegion = en;
			hasScannedForEncodings = 0;
			knownRegions = (
				en,
				Base,
			);
			mainGroup = 5901713A2316BE84009D45F7;
			productRefGroup = 590171442316BE84009D45F7 /* Products */;
			projectDirPath = "";
			projectRoot = "";
			targets = (
				590171422316BE84009D45F7 /* mvvm_template */,
				590171592316BE86009D45F7 /* mvvm_templateTests */,
				590171642316BE86009D45F7 /* mvvm_templateUITests */,
			);
		};
/* End PBXProject section */

/* Begin PBXResourcesBuildPhase section */
		590171412316BE84009D45F7 /* Resources */ = {
			isa = PBXResourcesBuildPhase;
			buildActionMask = 2147483647;
			files = (
				590171542316BE86009D45F7 /* LaunchScreen.storyboard in Resources */,
				590171512316BE86009D45F7 /* Assets.xcassets in Resources */,
				5901714C2316BE84009D45F7 /* Main.storyboard in Resources */,
			);
			runOnlyForDeploymentPostprocessing = 0;
		};
		590171582316BE86009D45F7 /* Resources */ = {
			isa = PBXResourcesBuildPhase;
			buildActionMask = 2147483647;
			files = (
			);
			runOnlyForDeploymentPostprocessing = 0;
		};
		590171632316BE86009D45F7 /* Resources */ = {
			isa = PBXResourcesBuildPhase;
			buildActionMask = 2147483647;
			files = (
			);
			runOnlyForDeploymentPostprocessing = 0;
		};
/* End PBXResourcesBuildPhase section */

/* Begin PBXSourcesBuildPhase section */
		5901713F2316BE84009D45F7 /* Sources */ = {
			isa = PBXSourcesBuildPhase;
			buildActionMask = 2147483647;
			files = (
				5901714F2316BE84009D45F7 /* mvvm_template.xcdatamodeld in Sources */,
				5962002B23204DAA000E53E5 /* Constants.swift in Sources */,
				59F43703231720CE008EEE9E /* DayRepository.swift in Sources */,
				590171492316BE84009D45F7 /* HomeViewController.swift in Sources */,
				59EA24132317134D00E46F12 /* DayDao.swift in Sources */,
				590171472316BE84009D45F7 /* AppDelegate.swift in Sources */,
				5901717D2316E608009D45F7 /* HomeViewModel.swift in Sources */,
				59F4370123171A4B008EEE9E /* DayDaoProtocol.swift in Sources */,
				596200292320489E000E53E5 /* Date+Extension.swift in Sources */,
				59620032232C5106000E53E5 /* StoryboardInstantiatable.swift in Sources */,
				59F43713231886EA008EEE9E /* DependencyContainer.swift in Sources */,
				59620034232C580B000E53E5 /* HomeViewControllerFactory.swift in Sources */,
				59F43711231885EB008EEE9E /* DayDaoMock.swift in Sources */,
			);
			runOnlyForDeploymentPostprocessing = 0;
		};
		590171562316BE86009D45F7 /* Sources */ = {
			isa = PBXSourcesBuildPhase;
			buildActionMask = 2147483647;
			files = (
				5901715F2316BE86009D45F7 /* mvvm_templateTests.swift in Sources */,
			);
			runOnlyForDeploymentPostprocessing = 0;
		};
		590171612316BE86009D45F7 /* Sources */ = {
			isa = PBXSourcesBuildPhase;
			buildActionMask = 2147483647;
			files = (
				5901716A2316BE86009D45F7 /* mvvm_templateUITests.swift in Sources */,
			);
			runOnlyForDeploymentPostprocessing = 0;
		};
/* End PBXSourcesBuildPhase section */

/* Begin PBXTargetDependency section */
		5901715C2316BE86009D45F7 /* PBXTargetDependency */ = {
			isa = PBXTargetDependency;
			target = 590171422316BE84009D45F7 /* mvvm_template */;
			targetProxy = 5901715B2316BE86009D45F7 /* PBXContainerItemProxy */;
		};
		590171672316BE86009D45F7 /* PBXTargetDependency */ = {
			isa = PBXTargetDependency;
			target = 590171422316BE84009D45F7 /* mvvm_template */;
			targetProxy = 590171662316BE86009D45F7 /* PBXContainerItemProxy */;
		};
/* End PBXTargetDependency section */

/* Begin PBXVariantGroup section */
		5901714A2316BE84009D45F7 /* Main.storyboard */ = {
			isa = PBXVariantGroup;
			children = (
				5901714B2316BE84009D45F7 /* Base */,
			);
			name = Main.storyboard;
			sourceTree = "<group>";
		};
		590171522316BE86009D45F7 /* LaunchScreen.storyboard */ = {
			isa = PBXVariantGroup;
			children = (
				590171532316BE86009D45F7 /* Base */,
			);
			name = LaunchScreen.storyboard;
			sourceTree = "<group>";
		};
/* End PBXVariantGroup section */

/* Begin XCBuildConfiguration section */
		5901716C2316BE86009D45F7 /* Debug */ = {
			isa = XCBuildConfiguration;
			buildSettings = {
				ALWAYS_SEARCH_USER_PATHS = NO;
				CLANG_ANALYZER_NONNULL = YES;
				CLANG_ANALYZER_NUMBER_OBJECT_CONVERSION = YES_AGGRESSIVE;
				CLANG_CXX_LANGUAGE_STANDARD = "gnu++14";
				CLANG_CXX_LIBRARY = "libc++";
				CLANG_ENABLE_MODULES = YES;
				CLANG_ENABLE_OBJC_ARC = YES;
				CLANG_ENABLE_OBJC_WEAK = YES;
				CLANG_WARN_BLOCK_CAPTURE_AUTORELEASING = YES;
				CLANG_WARN_BOOL_CONVERSION = YES;
				CLANG_WARN_COMMA = YES;
				CLANG_WARN_CONSTANT_CONVERSION = YES;
				CLANG_WARN_DEPRECATED_OBJC_IMPLEMENTATIONS = YES;
				CLANG_WARN_DIRECT_OBJC_ISA_USAGE = YES_ERROR;
				CLANG_WARN_DOCUMENTATION_COMMENTS = YES;
				CLANG_WARN_EMPTY_BODY = YES;
				CLANG_WARN_ENUM_CONVERSION = YES;
				CLANG_WARN_INFINITE_RECURSION = YES;
				CLANG_WARN_INT_CONVERSION = YES;
				CLANG_WARN_NON_LITERAL_NULL_CONVERSION = YES;
				CLANG_WARN_OBJC_IMPLICIT_RETAIN_SELF = YES;
				CLANG_WARN_OBJC_LITERAL_CONVERSION = YES;
				CLANG_WARN_OBJC_ROOT_CLASS = YES_ERROR;
				CLANG_WARN_RANGE_LOOP_ANALYSIS = YES;
				CLANG_WARN_STRICT_PROTOTYPES = YES;
				CLANG_WARN_SUSPICIOUS_MOVE = YES;
				CLANG_WARN_UNGUARDED_AVAILABILITY = YES_AGGRESSIVE;
				CLANG_WARN_UNREACHABLE_CODE = YES;
				CLANG_WARN__DUPLICATE_METHOD_MATCH = YES;
				CODE_SIGN_IDENTITY = "iPhone Developer";
				COPY_PHASE_STRIP = NO;
				DEBUG_INFORMATION_FORMAT = dwarf;
				ENABLE_STRICT_OBJC_MSGSEND = YES;
				ENABLE_TESTABILITY = YES;
				GCC_C_LANGUAGE_STANDARD = gnu11;
				GCC_DYNAMIC_NO_PIC = NO;
				GCC_NO_COMMON_BLOCKS = YES;
				GCC_OPTIMIZATION_LEVEL = 0;
				GCC_PREPROCESSOR_DEFINITIONS = (
					"DEBUG=1",
					"$(inherited)",
				);
				GCC_WARN_64_TO_32_BIT_CONVERSION = YES;
				GCC_WARN_ABOUT_RETURN_TYPE = YES_ERROR;
				GCC_WARN_UNDECLARED_SELECTOR = YES;
				GCC_WARN_UNINITIALIZED_AUTOS = YES_AGGRESSIVE;
				GCC_WARN_UNUSED_FUNCTION = YES;
				GCC_WARN_UNUSED_VARIABLE = YES;
				IPHONEOS_DEPLOYMENT_TARGET = 12.2;
				MTL_ENABLE_DEBUG_INFO = INCLUDE_SOURCE;
				MTL_FAST_MATH = YES;
				ONLY_ACTIVE_ARCH = YES;
				SDKROOT = iphoneos;
				SWIFT_ACTIVE_COMPILATION_CONDITIONS = DEBUG;
				SWIFT_OPTIMIZATION_LEVEL = "-Onone";
			};
			name = Debug;
		};
		5901716D2316BE86009D45F7 /* Release */ = {
			isa = XCBuildConfiguration;
			buildSettings = {
				ALWAYS_SEARCH_USER_PATHS = NO;
				CLANG_ANALYZER_NONNULL = YES;
				CLANG_ANALYZER_NUMBER_OBJECT_CONVERSION = YES_AGGRESSIVE;
				CLANG_CXX_LANGUAGE_STANDARD = "gnu++14";
				CLANG_CXX_LIBRARY = "libc++";
				CLANG_ENABLE_MODULES = YES;
				CLANG_ENABLE_OBJC_ARC = YES;
				CLANG_ENABLE_OBJC_WEAK = YES;
				CLANG_WARN_BLOCK_CAPTURE_AUTORELEASING = YES;
				CLANG_WARN_BOOL_CONVERSION = YES;
				CLANG_WARN_COMMA = YES;
				CLANG_WARN_CONSTANT_CONVERSION = YES;
				CLANG_WARN_DEPRECATED_OBJC_IMPLEMENTATIONS = YES;
				CLANG_WARN_DIRECT_OBJC_ISA_USAGE = YES_ERROR;
				CLANG_WARN_DOCUMENTATION_COMMENTS = YES;
				CLANG_WARN_EMPTY_BODY = YES;
				CLANG_WARN_ENUM_CONVERSION = YES;
				CLANG_WARN_INFINITE_RECURSION = YES;
				CLANG_WARN_INT_CONVERSION = YES;
				CLANG_WARN_NON_LITERAL_NULL_CONVERSION = YES;
				CLANG_WARN_OBJC_IMPLICIT_RETAIN_SELF = YES;
				CLANG_WARN_OBJC_LITERAL_CONVERSION = YES;
				CLANG_WARN_OBJC_ROOT_CLASS = YES_ERROR;
				CLANG_WARN_RANGE_LOOP_ANALYSIS = YES;
				CLANG_WARN_STRICT_PROTOTYPES = YES;
				CLANG_WARN_SUSPICIOUS_MOVE = YES;
				CLANG_WARN_UNGUARDED_AVAILABILITY = YES_AGGRESSIVE;
				CLANG_WARN_UNREACHABLE_CODE = YES;
				CLANG_WARN__DUPLICATE_METHOD_MATCH = YES;
				CODE_SIGN_IDENTITY = "iPhone Developer";
				COPY_PHASE_STRIP = NO;
				DEBUG_INFORMATION_FORMAT = "dwarf-with-dsym";
				ENABLE_NS_ASSERTIONS = NO;
				ENABLE_STRICT_OBJC_MSGSEND = YES;
				GCC_C_LANGUAGE_STANDARD = gnu11;
				GCC_NO_COMMON_BLOCKS = YES;
				GCC_WARN_64_TO_32_BIT_CONVERSION = YES;
				GCC_WARN_ABOUT_RETURN_TYPE = YES_ERROR;
				GCC_WARN_UNDECLARED_SELECTOR = YES;
				GCC_WARN_UNINITIALIZED_AUTOS = YES_AGGRESSIVE;
				GCC_WARN_UNUSED_FUNCTION = YES;
				GCC_WARN_UNUSED_VARIABLE = YES;
				IPHONEOS_DEPLOYMENT_TARGET = 12.2;
				MTL_ENABLE_DEBUG_INFO = NO;
				MTL_FAST_MATH = YES;
				SDKROOT = iphoneos;
				SWIFT_COMPILATION_MODE = wholemodule;
				SWIFT_OPTIMIZATION_LEVEL = "-O";
				VALIDATE_PRODUCT = YES;
			};
			name = Release;
		};
		5901716F2316BE86009D45F7 /* Debug */ = {
			isa = XCBuildConfiguration;
			buildSettings = {
				ASSETCATALOG_COMPILER_APPICON_NAME = AppIcon;
				CODE_SIGN_STYLE = Automatic;
				DEVELOPMENT_TEAM = 6PD7KXFUU8;
				INFOPLIST_FILE = mvvm_template/Resources/Info.plist;
				LD_RUNPATH_SEARCH_PATHS = (
					"$(inherited)",
					"@executable_path/Frameworks",
				);
				PRODUCT_BUNDLE_IDENTIFIER = "br.com.ioasys.mvvm-template";
				PRODUCT_NAME = "$(TARGET_NAME)";
				SWIFT_VERSION = 5.0;
				TARGETED_DEVICE_FAMILY = "1,2";
			};
			name = Debug;
		};
		590171702316BE86009D45F7 /* Release */ = {
			isa = XCBuildConfiguration;
			buildSettings = {
				ASSETCATALOG_COMPILER_APPICON_NAME = AppIcon;
				CODE_SIGN_STYLE = Automatic;
				DEVELOPMENT_TEAM = 6PD7KXFUU8;
				INFOPLIST_FILE = mvvm_template/Resources/Info.plist;
				LD_RUNPATH_SEARCH_PATHS = (
					"$(inherited)",
					"@executable_path/Frameworks",
				);
				PRODUCT_BUNDLE_IDENTIFIER = "br.com.ioasys.mvvm-template";
				PRODUCT_NAME = "$(TARGET_NAME)";
				SWIFT_VERSION = 5.0;
				TARGETED_DEVICE_FAMILY = "1,2";
			};
			name = Release;
		};
		590171722316BE86009D45F7 /* Debug */ = {
			isa = XCBuildConfiguration;
			buildSettings = {
				ALWAYS_EMBED_SWIFT_STANDARD_LIBRARIES = YES;
				BUNDLE_LOADER = "$(TEST_HOST)";
				CODE_SIGN_STYLE = Automatic;
				DEVELOPMENT_TEAM = NM4QTJN8VU;
				INFOPLIST_FILE = mvvm_templateTests/Info.plist;
				LD_RUNPATH_SEARCH_PATHS = (
					"$(inherited)",
					"@executable_path/Frameworks",
					"@loader_path/Frameworks",
				);
				PRODUCT_BUNDLE_IDENTIFIER = "br.com.lgv.mvvm-templateTests";
				PRODUCT_NAME = "$(TARGET_NAME)";
				SWIFT_VERSION = 5.0;
				TARGETED_DEVICE_FAMILY = "1,2";
				TEST_HOST = "$(BUILT_PRODUCTS_DIR)/mvvm_template.app/mvvm_template";
			};
			name = Debug;
		};
		590171732316BE86009D45F7 /* Release */ = {
			isa = XCBuildConfiguration;
			buildSettings = {
				ALWAYS_EMBED_SWIFT_STANDARD_LIBRARIES = YES;
				BUNDLE_LOADER = "$(TEST_HOST)";
				CODE_SIGN_STYLE = Automatic;
				DEVELOPMENT_TEAM = NM4QTJN8VU;
				INFOPLIST_FILE = mvvm_templateTests/Info.plist;
				LD_RUNPATH_SEARCH_PATHS = (
					"$(inherited)",
					"@executable_path/Frameworks",
					"@loader_path/Frameworks",
				);
				PRODUCT_BUNDLE_IDENTIFIER = "br.com.lgv.mvvm-templateTests";
				PRODUCT_NAME = "$(TARGET_NAME)";
				SWIFT_VERSION = 5.0;
				TARGETED_DEVICE_FAMILY = "1,2";
				TEST_HOST = "$(BUILT_PRODUCTS_DIR)/mvvm_template.app/mvvm_template";
			};
			name = Release;
		};
		590171752316BE86009D45F7 /* Debug */ = {
			isa = XCBuildConfiguration;
			buildSettings = {
				ALWAYS_EMBED_SWIFT_STANDARD_LIBRARIES = YES;
				CODE_SIGN_STYLE = Automatic;
				DEVELOPMENT_TEAM = NM4QTJN8VU;
				INFOPLIST_FILE = mvvm_templateUITests/Info.plist;
				LD_RUNPATH_SEARCH_PATHS = (
					"$(inherited)",
					"@executable_path/Frameworks",
					"@loader_path/Frameworks",
				);
				PRODUCT_BUNDLE_IDENTIFIER = "br.com.lgv.mvvm-templateUITests";
				PRODUCT_NAME = "$(TARGET_NAME)";
				SWIFT_VERSION = 5.0;
				TARGETED_DEVICE_FAMILY = "1,2";
				TEST_TARGET_NAME = mvvm_template;
			};
			name = Debug;
		};
		590171762316BE86009D45F7 /* Release */ = {
			isa = XCBuildConfiguration;
			buildSettings = {
				ALWAYS_EMBED_SWIFT_STANDARD_LIBRARIES = YES;
				CODE_SIGN_STYLE = Automatic;
				DEVELOPMENT_TEAM = NM4QTJN8VU;
				INFOPLIST_FILE = mvvm_templateUITests/Info.plist;
				LD_RUNPATH_SEARCH_PATHS = (
					"$(inherited)",
					"@executable_path/Frameworks",
					"@loader_path/Frameworks",
				);
				PRODUCT_BUNDLE_IDENTIFIER = "br.com.lgv.mvvm-templateUITests";
				PRODUCT_NAME = "$(TARGET_NAME)";
				SWIFT_VERSION = 5.0;
				TARGETED_DEVICE_FAMILY = "1,2";
				TEST_TARGET_NAME = mvvm_template;
			};
			name = Release;
		};
/* End XCBuildConfiguration section */

/* Begin XCConfigurationList section */
		5901713E2316BE84009D45F7 /* Build configuration list for PBXProject "mvvm_template" */ = {
			isa = XCConfigurationList;
			buildConfigurations = (
				5901716C2316BE86009D45F7 /* Debug */,
				5901716D2316BE86009D45F7 /* Release */,
			);
			defaultConfigurationIsVisible = 0;
			defaultConfigurationName = Release;
		};
		5901716E2316BE86009D45F7 /* Build configuration list for PBXNativeTarget "mvvm_template" */ = {
			isa = XCConfigurationList;
			buildConfigurations = (
				5901716F2316BE86009D45F7 /* Debug */,
				590171702316BE86009D45F7 /* Release */,
			);
			defaultConfigurationIsVisible = 0;
			defaultConfigurationName = Release;
		};
		590171712316BE86009D45F7 /* Build configuration list for PBXNativeTarget "mvvm_templateTests" */ = {
			isa = XCConfigurationList;
			buildConfigurations = (
				590171722316BE86009D45F7 /* Debug */,
				590171732316BE86009D45F7 /* Release */,
			);
			defaultConfigurationIsVisible = 0;
			defaultConfigurationName = Release;
		};
		590171742316BE86009D45F7 /* Build configuration list for PBXNativeTarget "mvvm_templateUITests" */ = {
			isa = XCConfigurationList;
			buildConfigurations = (
				590171752316BE86009D45F7 /* Debug */,
				590171762316BE86009D45F7 /* Release */,
			);
			defaultConfigurationIsVisible = 0;
			defaultConfigurationName = Release;
		};
/* End XCConfigurationList section */

/* Begin XCVersionGroup section */
		5901714D2316BE84009D45F7 /* mvvm_template.xcdatamodeld */ = {
			isa = XCVersionGroup;
			children = (
				5901714E2316BE84009D45F7 /* mvvm_template.xcdatamodel */,
			);
			currentVersion = 5901714E2316BE84009D45F7 /* mvvm_template.xcdatamodel */;
			path = mvvm_template.xcdatamodeld;
			sourceTree = "<group>";
			versionGroupType = wrapper.xcdatamodel;
		};
/* End XCVersionGroup section */
	};
	rootObject = 5901713B2316BE84009D45F7 /* Project object */;
}
